{
  "name": "fedl-email-worker",
  "version": "1.0.0",
  "lockfileVersion": 3,
  "requires": true,
  "packages": {
    "": {
      "name": "fedl-email-worker",
      "version": "1.0.0",
      "devDependencies": {
        "@cloudflare/workers-types": "^4.20241127.0"
      }
    },
    "node_modules/@cloudflare/workers-types": {
      "version": "4.20260410.1",
      "resolved": "https://registry.npmjs.org/@cloudflare/workers-types/-/workers-types-4.20260410.1.tgz",
      "integrity": "sha512-dPZT4aXxwhGHFhWA9iZhWVfFoO8g9exiLzeaS8y43Dw0Sard6Gb3o5LJjReav3ejHbQLHUfGEiZsRPGW8qmgMg==",
      "dev": true,
      "license": "MIT OR Apache-2.0"
    }
  }
}
